PODS:
  - Alamofire (5.7.1)
  - Flutter (1.0.0)
  - HydraAsync (2.0.6)
  - Material (3.1.8):
    - Material/Core (= 3.1.8)
  - Material/Core (3.1.8):
    - Motion (~> 3.1.1)
  - Motion (3.1.3):
    - Motion/Core (= 3.1.3)
  - Motion/Core (3.1.3)
  - qrtc_flutter_ios_plugin (0.0.1):
    - Alamofire (~> 5.2)
    - Flutter
    - HydraAsync
    - Material
    - RxCocoa (~> 5)
    - RxSwift (~> 5)
    - SDWebImage
    - SnapKit
    - Starscream (~> 3.0.2)
    - SwiftyJSON (~> 4.0)
    - Toast-Swift
  - RxCocoa (5.1.3):
    - RxRelay (~> 5)
    - RxSwift (~> 5)
  - RxRelay (5.1.3):
    - RxSwift (~> 5)
  - RxSwift (5.1.3)
  - SDWebImage (5.15.7):
    - SDWebImage/Core (= 5.15.7)
  - SDWebImage/Core (5.15.7)
  - SnapKit (5.6.0)
  - Starscream (3.0.6)
  - SwiftyJSON (4.3.0)
  - Toast-Swift (5.0.1)

DEPENDENCIES:
  - Flutter (from `Flutter`)
  - qrtc_flutter_ios_plugin (from `.symlinks/plugins/qrtc_flutter_ios_plugin/ios`)

SPEC REPOS:
  trunk:
    - Alamofire
    - HydraAsync
    - Material
    - Motion
    - RxCocoa
    - RxRelay
    - RxSwift
    - SDWebImage
    - SnapKit
    - Starscream
    - SwiftyJSON
    - Toast-Swift

EXTERNAL SOURCES:
  Flutter:
    :path: Flutter
  qrtc_flutter_ios_plugin:
    :path: ".symlinks/plugins/qrtc_flutter_ios_plugin/ios"

SPEC CHECKSUMS:
  Alamofire: 0123a34370cb170936ae79a8df46cc62b2edeb88
  Flutter: f04841e97a9d0b0a8025694d0796dd46242b2854
  HydraAsync: 8d589bd725b0224f899afafc9a396327405f8063
  Material: a2a3f400a3b549d53ef89e56c58c4535b29db387
  Motion: cf1e060e489f6661126374d5c60dbd2ed991605c
  qrtc_flutter_ios_plugin: 5683a0baa76bb5a150ff10ed58b9e8e13db105ac
  RxCocoa: e2ed092d5432e4296aa818021d27de4090ac0354
  RxRelay: 5a18c2eb2d68326ebaf0112f80d837ae41b92b97
  RxSwift: 915abbdfb62214aa89ccd0b194d44fb478019b27
  SDWebImage: 25bac438318faf37e35650619ebc288a9061d292
  SnapKit: e01d52ebb8ddbc333eefe2132acf85c8227d9c25
  Starscream: ef3ece99d765eeccb67de105bfa143f929026cf5
  SwiftyJSON: 6faa0040f8b59dead0ee07436cbf76b73c08fd08
  Toast-Swift: 9b6a70f28b3bf0b96c40d46c0c4b9d6639846711

PODFILE CHECKSUM: 81213dbea85554e09d0c4b5646a27a11a7e84f12

COCOAPODS: 1.11.3
